
Microsoft Visual Studio Solution File, Format Version 12.00
# Visual Studio Version 17
VisualStudioVersion = 17.4.33103.184
MinimumVisualStudioVersion = 10.0.40219.1
Project("{8BC9CEB8-8B4A-11D0-8D11-00A0C91BC942}") = "D3D9Hook", "D3D9Hook\D3D9Hook.vcxproj", "{F86F4DF6-8742-4EB1-90E4-423C0C3CF343}"
EndProject
Global
	GlobalSection(SolutionConfigurationPlatforms) = preSolution
		Debug|x64 = Debug|x64
		Debug|x86 = Debug|x86
		Release|x64 = Release|x64
		Release|x86 = Release|x86
	EndGlobalSection
	GlobalSection(ProjectConfigurationPlatforms) = postSolution
		{F86F4DF6-8742-4EB1-90E4-423C0C3CF343}.Debug|x64.ActiveCfg = Debug|x64
		{F86F4DF6-8742-4EB1-90E4-423C0C3CF343}.Debug|x64.Build.0 = Debug|x64
		{F86F4DF6-8742-4EB1-90E4-423C0C3CF343}.Debug|x86.ActiveCfg = Debug|Win32
		{F86F4DF6-8742-4EB1-90E4-423C0C3CF343}.Debug|x86.Build.0 = Debug|Win32
		{F86F4DF6-8742-4EB1-90E4-423C0C3CF343}.Release|x64.ActiveCfg = Release|x64
		{F86F4DF6-8742-4EB1-90E4-423C0C3CF343}.Release|x64.Build.0 = Release|x64
		{F86F4DF6-8742-4EB1-90E4-423C0C3CF343}.Release|x86.ActiveCfg = Release|Win32
		{F86F4DF6-8742-4EB1-90E4-423C0C3CF343}.Release|x86.Build.0 = Release|Win32
	EndGlobalSection
	GlobalSection(SolutionProperties) = preSolution
		HideSolutionNode = FALSE
	EndGlobalSection
	GlobalSection(ExtensibilityGlobals) = postSolution
		SolutionGuid = {62D65E2D-A6AD-4F6B-8C33-F4505C197194}
	EndGlobalSection
EndGlobal
